
Microsoft Visual Studio Solution File, Format Version 12.00
# Visual Studio 15
Project("{FAE04EC0-301F-11D3-BF4B-00C04F79EFBC}") = "Assembly-CSharp", "Assembly-CSharp.csproj", "{4C660C99-3855-BC9E-B97B-FE5B0E1392D9}"
EndProject
Project("{FAE04EC0-301F-11D3-BF4B-00C04F79EFBC}") = "Siccity.GLTFUtility", "Siccity.GLTFUtility.csproj", "{547055B6-C073-5C79-32B0-1F12CA0858F7}"
EndProject
Project("{FAE04EC0-301F-11D3-BF4B-00C04F79EFBC}") = "glTFast", "glTFast.csproj", "{DB3DDD04-D631-7117-3929-A58B816E25E8}"
EndProject
Project("{FAE04EC0-301F-11D3-BF4B-00C04F79EFBC}") = "glTFastSchema", "glTFastSchema.csproj", "{63B2EF1C-DA2A-25C3-ACCD-065022D35AB1}"
EndProject
Project("{FAE04EC0-301F-11D3-BF4B-00C04F79EFBC}") = "glTFastFakeSchema", "glTFastFakeSchema.csproj", "{A720C165-47FF-9F65-3BB8-D215CA6C6084}"
EndProject
Project("{FAE04EC0-301F-11D3-BF4B-00C04F79EFBC}") = "glTFSampleModels", "glTFSampleModels.csproj", "{074F652E-D5D8-4F39-2DA6-F364184F3AE6}"
EndProject
Project("{FAE04EC0-301F-11D3-BF4B-00C04F79EFBC}") = "glTFastTests", "glTFastTests.csproj", "{320C3BF3-4E58-2505-D9AA-A3B71114A8BE}"
EndProject
Project("{FAE04EC0-301F-11D3-BF4B-00C04F79EFBC}") = "Draco", "Draco.csproj", "{DD78616A-2F7F-D249-343C-C4001F859537}"
EndProject
Project("{FAE04EC0-301F-11D3-BF4B-00C04F79EFBC}") = "DracoEditor", "DracoEditor.csproj", "{92E4C4FC-D72F-AC09-F219-6BD1994326F5}"
EndProject
Project("{FAE04EC0-301F-11D3-BF4B-00C04F79EFBC}") = "Siccity.GLTFUtility.Editor", "Siccity.GLTFUtility.Editor.csproj", "{0D8365D8-C5C4-EA2F-8DB3-40D52D49196F}"
EndProject
Project("{FAE04EC0-301F-11D3-BF4B-00C04F79EFBC}") = "EditorMigrationScripts", "EditorMigrationScripts.csproj", "{468A068B-B55F-F5EA-8C7B-A3A70F838BC3}"
EndProject
Project("{FAE04EC0-301F-11D3-BF4B-00C04F79EFBC}") = "Assembly-CSharp-Editor", "Assembly-CSharp-Editor.csproj", "{25EDBDFD-9188-CAEC-4CEB-0AFF2C06174F}"
EndProject
Global
	GlobalSection(SolutionConfigurationPlatforms) = preSolution
		Debug|Any CPU = Debug|Any CPU
		Release|Any CPU = Release|Any CPU
	EndGlobalSection
	GlobalSection(ProjectConfigurationPlatforms) = postSolution
		{4C660C99-3855-BC9E-B97B-FE5B0E1392D9}.Debug|Any CPU.ActiveCfg = Debug|Any CPU
		{4C660C99-3855-BC9E-B97B-FE5B0E1392D9}.Debug|Any CPU.Build.0 = Debug|Any CPU
		{4C660C99-3855-BC9E-B97B-FE5B0E1392D9}.Release|Any CPU.ActiveCfg = Release|Any CPU
		{4C660C99-3855-BC9E-B97B-FE5B0E1392D9}.Release|Any CPU.Build.0 = Release|Any CPU
		{547055B6-C073-5C79-32B0-1F12CA0858F7}.Debug|Any CPU.ActiveCfg = Debug|Any CPU
		{547055B6-C073-5C79-32B0-1F12CA0858F7}.Debug|Any CPU.Build.0 = Debug|Any CPU
		{547055B6-C073-5C79-32B0-1F12CA0858F7}.Release|Any CPU.ActiveCfg = Release|Any CPU
		{547055B6-C073-5C79-32B0-1F12CA0858F7}.Release|Any CPU.Build.0 = Release|Any CPU
		{DB3DDD04-D631-7117-3929-A58B816E25E8}.Debug|Any CPU.ActiveCfg = Debug|Any CPU
		{DB3DDD04-D631-7117-3929-A58B816E25E8}.Debug|Any CPU.Build.0 = Debug|Any CPU
		{DB3DDD04-D631-7117-3929-A58B816E25E8}.Release|Any CPU.ActiveCfg = Release|Any CPU
		{DB3DDD04-D631-7117-3929-A58B816E25E8}.Release|Any CPU.Build.0 = Release|Any CPU
		{63B2EF1C-DA2A-25C3-ACCD-065022D35AB1}.Debug|Any CPU.ActiveCfg = Debug|Any CPU
		{63B2EF1C-DA2A-25C3-ACCD-065022D35AB1}.Debug|Any CPU.Build.0 = Debug|Any CPU
		{63B2EF1C-DA2A-25C3-ACCD-065022D35AB1}.Release|Any CPU.ActiveCfg = Release|Any CPU
		{63B2EF1C-DA2A-25C3-ACCD-065022D35AB1}.Release|Any CPU.Build.0 = Release|Any CPU
		{A720C165-47FF-9F65-3BB8-D215CA6C6084}.Debug|Any CPU.ActiveCfg = Debug|Any CPU
		{A720C165-47FF-9F65-3BB8-D215CA6C6084}.Debug|Any CPU.Build.0 = Debug|Any CPU
		{A720C165-47FF-9F65-3BB8-D215CA6C6084}.Release|Any CPU.ActiveCfg = Release|Any CPU
		{A720C165-47FF-9F65-3BB8-D215CA6C6084}.Release|Any CPU.Build.0 = Release|Any CPU
		{074F652E-D5D8-4F39-2DA6-F364184F3AE6}.Debug|Any CPU.ActiveCfg = Debug|Any CPU
		{074F652E-D5D8-4F39-2DA6-F364184F3AE6}.Debug|Any CPU.Build.0 = Debug|Any CPU
		{074F652E-D5D8-4F39-2DA6-F364184F3AE6}.Release|Any CPU.ActiveCfg = Release|Any CPU
		{074F652E-D5D8-4F39-2DA6-F364184F3AE6}.Release|Any CPU.Build.0 = Release|Any CPU
		{320C3BF3-4E58-2505-D9AA-A3B71114A8BE}.Debug|Any CPU.ActiveCfg = Debug|Any CPU
		{320C3BF3-4E58-2505-D9AA-A3B71114A8BE}.Debug|Any CPU.Build.0 = Debug|Any CPU
		{320C3BF3-4E58-2505-D9AA-A3B71114A8BE}.Release|Any CPU.ActiveCfg = Release|Any CPU
		{320C3BF3-4E58-2505-D9AA-A3B71114A8BE}.Release|Any CPU.Build.0 = Release|Any CPU
		{DD78616A-2F7F-D249-343C-C4001F859537}.Debug|Any CPU.ActiveCfg = Debug|Any CPU
		{DD78616A-2F7F-D249-343C-C4001F859537}.Debug|Any CPU.Build.0 = Debug|Any CPU
		{DD78616A-2F7F-D249-343C-C4001F859537}.Release|Any CPU.ActiveCfg = Release|Any CPU
		{DD78616A-2F7F-D249-343C-C4001F859537}.Release|Any CPU.Build.0 = Release|Any CPU
		{92E4C4FC-D72F-AC09-F219-6BD1994326F5}.Debug|Any CPU.ActiveCfg = Debug|Any CPU
		{92E4C4FC-D72F-AC09-F219-6BD1994326F5}.Debug|Any CPU.Build.0 = Debug|Any CPU
		{92E4C4FC-D72F-AC09-F219-6BD1994326F5}.Release|Any CPU.ActiveCfg = Release|Any CPU
		{92E4C4FC-D72F-AC09-F219-6BD1994326F5}.Release|Any CPU.Build.0 = Release|Any CPU
		{0D8365D8-C5C4-EA2F-8DB3-40D52D49196F}.Debug|Any CPU.ActiveCfg = Debug|Any CPU
		{0D8365D8-C5C4-EA2F-8DB3-40D52D49196F}.Debug|Any CPU.Build.0 = Debug|Any CPU
		{0D8365D8-C5C4-EA2F-8DB3-40D52D49196F}.Release|Any CPU.ActiveCfg = Release|Any CPU
		{0D8365D8-C5C4-EA2F-8DB3-40D52D49196F}.Release|Any CPU.Build.0 = Release|Any CPU
		{468A068B-B55F-F5EA-8C7B-A3A70F838BC3}.Debug|Any CPU.ActiveCfg = Debug|Any CPU
		{468A068B-B55F-F5EA-8C7B-A3A70F838BC3}.Debug|Any CPU.Build.0 = Debug|Any CPU
		{468A068B-B55F-F5EA-8C7B-A3A70F838BC3}.Release|Any CPU.ActiveCfg = Release|Any CPU
		{468A068B-B55F-F5EA-8C7B-A3A70F838BC3}.Release|Any CPU.Build.0 = Release|Any CPU
		{25EDBDFD-9188-CAEC-4CEB-0AFF2C06174F}.Debug|Any CPU.ActiveCfg = Debug|Any CPU
		{25EDBDFD-9188-CAEC-4CEB-0AFF2C06174F}.Debug|Any CPU.Build.0 = Debug|Any CPU
		{25EDBDFD-9188-CAEC-4CEB-0AFF2C06174F}.Release|Any CPU.ActiveCfg = Release|Any CPU
		{25EDBDFD-9188-CAEC-4CEB-0AFF2C06174F}.Release|Any CPU.Build.0 = Release|Any CPU
	EndGlobalSection
	GlobalSection(SolutionProperties) = preSolution
		HideSolutionNode = FALSE
	EndGlobalSection
EndGlobal
